
Microsoft Visual Studio Solution File, Format Version 12.00
# Visual Studio Version 17
VisualStudioVersion = 17.3.32804.467
MinimumVisualStudioVersion = 10.0.40219.1
Project("{FAE04EC0-301F-11D3-BF4B-00C04F79EFBC}") = "Average of four numbers", "Average of four numbers\Average of four numbers.csproj", "{95B38057-D24F-4D29-8EAC-55515CE4EBF2}"
EndProject
Global
	GlobalSection(SolutionConfigurationPlatforms) = preSolution
		Debug|Any CPU = Debug|Any CPU
		Release|Any CPU = Release|Any CPU
	EndGlobalSection
	GlobalSection(ProjectConfigurationPlatforms) = postSolution
		{95B38057-D24F-4D29-8EAC-55515CE4EBF2}.Debug|Any CPU.ActiveCfg = Debug|Any CPU
		{95B38057-D24F-4D29-8EAC-55515CE4EBF2}.Debug|Any CPU.Build.0 = Debug|Any CPU
		{95B38057-D24F-4D29-8EAC-55515CE4EBF2}.Release|Any CPU.ActiveCfg = Release|Any CPU
		{95B38057-D24F-4D29-8EAC-55515CE4EBF2}.Release|Any CPU.Build.0 = Release|Any CPU
	EndGlobalSection
	GlobalSection(SolutionProperties) = preSolution
		HideSolutionNode = FALSE
	EndGlobalSection
	GlobalSection(ExtensibilityGlobals) = postSolution
		SolutionGuid = {FB245C3B-46FA-4293-A03F-80C9465E6EBF}
	EndGlobalSection
EndGlobal
