
Microsoft Visual Studio Solution File, Format Version 12.00
# Visual Studio Version 17
VisualStudioVersion = 17.3.32804.467
MinimumVisualStudioVersion = 10.0.40219.1
Project("{FAE04EC0-301F-11D3-BF4B-00C04F79EFBC}") = "celcius to fahrenheit", "celcius to fahrenheit\celcius to fahrenheit.csproj", "{49086CD2-AF9B-4966-912B-1CF874EAF670}"
EndProject
Global
	GlobalSection(SolutionConfigurationPlatforms) = preSolution
		Debug|Any CPU = Debug|Any CPU
		Release|Any CPU = Release|Any CPU
	EndGlobalSection
	GlobalSection(ProjectConfigurationPlatforms) = postSolution
		{49086CD2-AF9B-4966-912B-1CF874EAF670}.Debug|Any CPU.ActiveCfg = Debug|Any CPU
		{49086CD2-AF9B-4966-912B-1CF874EAF670}.Debug|Any CPU.Build.0 = Debug|Any CPU
		{49086CD2-AF9B-4966-912B-1CF874EAF670}.Release|Any CPU.ActiveCfg = Release|Any CPU
		{49086CD2-AF9B-4966-912B-1CF874EAF670}.Release|Any CPU.Build.0 = Release|Any CPU
	EndGlobalSection
	GlobalSection(SolutionProperties) = preSolution
		HideSolutionNode = FALSE
	EndGlobalSection
	GlobalSection(ExtensibilityGlobals) = postSolution
		SolutionGuid = {34F21EAC-B858-432A-8D49-7B8931A32B39}
	EndGlobalSection
EndGlobal
