
Microsoft Visual Studio Solution File, Format Version 12.00
# Visual Studio Version 17
VisualStudioVersion = 17.3.32804.467
MinimumVisualStudioVersion = 10.0.40219.1
Project("{FAE04EC0-301F-11D3-BF4B-00C04F79EFBC}") = "Different operations", "Different operations\Different operations.csproj", "{EE456E69-97DB-40BF-9748-96050BE4EC18}"
EndProject
Global
	GlobalSection(SolutionConfigurationPlatforms) = preSolution
		Debug|Any CPU = Debug|Any CPU
		Release|Any CPU = Release|Any CPU
	EndGlobalSection
	GlobalSection(ProjectConfigurationPlatforms) = postSolution
		{EE456E69-97DB-40BF-9748-96050BE4EC18}.Debug|Any CPU.ActiveCfg = Debug|Any CPU
		{EE456E69-97DB-40BF-9748-96050BE4EC18}.Debug|Any CPU.Build.0 = Debug|Any CPU
		{EE456E69-97DB-40BF-9748-96050BE4EC18}.Release|Any CPU.ActiveCfg = Release|Any CPU
		{EE456E69-97DB-40BF-9748-96050BE4EC18}.Release|Any CPU.Build.0 = Release|Any CPU
	EndGlobalSection
	GlobalSection(SolutionProperties) = preSolution
		HideSolutionNode = FALSE
	EndGlobalSection
	GlobalSection(ExtensibilityGlobals) = postSolution
		SolutionGuid = {5B3F7067-1CEA-44A6-8D78-53F42D4DEE45}
	EndGlobalSection
EndGlobal
