
Microsoft Visual Studio Solution File, Format Version 12.00
# Visual Studio Version 17
VisualStudioVersion = 17.3.32804.467
MinimumVisualStudioVersion = 10.0.40219.1
Project("{FAE04EC0-301F-11D3-BF4B-00C04F79EFBC}") = "form a rectangle with number", "form a rectangle with number\form a rectangle with number.csproj", "{79787214-6D89-4282-80E2-FC2B8FD0184C}"
EndProject
Global
	GlobalSection(SolutionConfigurationPlatforms) = preSolution
		Debug|Any CPU = Debug|Any CPU
		Release|Any CPU = Release|Any CPU
	EndGlobalSection
	GlobalSection(ProjectConfigurationPlatforms) = postSolution
		{79787214-6D89-4282-80E2-FC2B8FD0184C}.Debug|Any CPU.ActiveCfg = Debug|Any CPU
		{79787214-6D89-4282-80E2-FC2B8FD0184C}.Debug|Any CPU.Build.0 = Debug|Any CPU
		{79787214-6D89-4282-80E2-FC2B8FD0184C}.Release|Any CPU.ActiveCfg = Release|Any CPU
		{79787214-6D89-4282-80E2-FC2B8FD0184C}.Release|Any CPU.Build.0 = Release|Any CPU
	EndGlobalSection
	GlobalSection(SolutionProperties) = preSolution
		HideSolutionNode = FALSE
	EndGlobalSection
	GlobalSection(ExtensibilityGlobals) = postSolution
		SolutionGuid = {AD44490B-4F2C-41CA-8804-551B8E75A709}
	EndGlobalSection
EndGlobal
