
Microsoft Visual Studio Solution File, Format Version 12.00
# Visual Studio Version 17
VisualStudioVersion = 17.3.32804.467
MinimumVisualStudioVersion = 10.0.40219.1
Project("{FAE04EC0-301F-11D3-BF4B-00C04F79EFBC}") = "Ps-2 Greatest of three numbers", "Ps-2 Greatest of three numbers\Ps-2 Greatest of three numbers.csproj", "{E1418473-D539-4605-A1C9-FB573290F35B}"
EndProject
Global
	GlobalSection(SolutionConfigurationPlatforms) = preSolution
		Debug|Any CPU = Debug|Any CPU
		Release|Any CPU = Release|Any CPU
	EndGlobalSection
	GlobalSection(ProjectConfigurationPlatforms) = postSolution
		{E1418473-D539-4605-A1C9-FB573290F35B}.Debug|Any CPU.ActiveCfg = Debug|Any CPU
		{E1418473-D539-4605-A1C9-FB573290F35B}.Debug|Any CPU.Build.0 = Debug|Any CPU
		{E1418473-D539-4605-A1C9-FB573290F35B}.Release|Any CPU.ActiveCfg = Release|Any CPU
		{E1418473-D539-4605-A1C9-FB573290F35B}.Release|Any CPU.Build.0 = Release|Any CPU
	EndGlobalSection
	GlobalSection(SolutionProperties) = preSolution
		HideSolutionNode = FALSE
	EndGlobalSection
	GlobalSection(ExtensibilityGlobals) = postSolution
		SolutionGuid = {5334463B-3D27-46E1-B328-B53597214E65}
	EndGlobalSection
EndGlobal
