
Microsoft Visual Studio Solution File, Format Version 12.00
# Visual Studio Version 17
VisualStudioVersion = 17.3.32804.467
MinimumVisualStudioVersion = 10.0.40219.1
Project("{FAE04EC0-301F-11D3-BF4B-00C04F79EFBC}") = "ps-8 print pattern", "ps-8 print pattern\ps-8 print pattern.csproj", "{67A8D661-F587-49C8-BDE4-21A14BE619C5}"
EndProject
Global
	GlobalSection(SolutionConfigurationPlatforms) = preSolution
		Debug|Any CPU = Debug|Any CPU
		Release|Any CPU = Release|Any CPU
	EndGlobalSection
	GlobalSection(ProjectConfigurationPlatforms) = postSolution
		{67A8D661-F587-49C8-BDE4-21A14BE619C5}.Debug|Any CPU.ActiveCfg = Debug|Any CPU
		{67A8D661-F587-49C8-BDE4-21A14BE619C5}.Debug|Any CPU.Build.0 = Debug|Any CPU
		{67A8D661-F587-49C8-BDE4-21A14BE619C5}.Release|Any CPU.ActiveCfg = Release|Any CPU
		{67A8D661-F587-49C8-BDE4-21A14BE619C5}.Release|Any CPU.Build.0 = Release|Any CPU
	EndGlobalSection
	GlobalSection(SolutionProperties) = preSolution
		HideSolutionNode = FALSE
	EndGlobalSection
	GlobalSection(ExtensibilityGlobals) = postSolution
		SolutionGuid = {2E3B0E0F-D1DA-4ACE-AD24-735361FFEB6E}
	EndGlobalSection
EndGlobal
