
Microsoft Visual Studio Solution File, Format Version 12.00
# Visual Studio Version 17
VisualStudioVersion = 17.3.32804.467
MinimumVisualStudioVersion = 10.0.40219.1
Project("{FAE04EC0-301F-11D3-BF4B-00C04F79EFBC}") = "PS-9 sum of odd natural numbers", "PS-9 sum of odd natural numbers\PS-9 sum of odd natural numbers.csproj", "{FF27FAA3-58DD-4355-B008-1ABD01911BF6}"
EndProject
Global
	GlobalSection(SolutionConfigurationPlatforms) = preSolution
		Debug|Any CPU = Debug|Any CPU
		Release|Any CPU = Release|Any CPU
	EndGlobalSection
	GlobalSection(ProjectConfigurationPlatforms) = postSolution
		{FF27FAA3-58DD-4355-B008-1ABD01911BF6}.Debug|Any CPU.ActiveCfg = Debug|Any CPU
		{FF27FAA3-58DD-4355-B008-1ABD01911BF6}.Debug|Any CPU.Build.0 = Debug|Any CPU
		{FF27FAA3-58DD-4355-B008-1ABD01911BF6}.Release|Any CPU.ActiveCfg = Release|Any CPU
		{FF27FAA3-58DD-4355-B008-1ABD01911BF6}.Release|Any CPU.Build.0 = Release|Any CPU
	EndGlobalSection
	GlobalSection(SolutionProperties) = preSolution
		HideSolutionNode = FALSE
	EndGlobalSection
	GlobalSection(ExtensibilityGlobals) = postSolution
		SolutionGuid = {99006CA0-CD89-4F24-8EA0-154EA83BE2FC}
	EndGlobalSection
EndGlobal
