
Microsoft Visual Studio Solution File, Format Version 12.00
# Visual Studio Version 17
VisualStudioVersion = 17.3.32804.467
MinimumVisualStudioVersion = 10.0.40219.1
Project("{FAE04EC0-301F-11D3-BF4B-00C04F79EFBC}") = "ps1 to find min and max number", "ps1 to find min and max number\ps1 to find min and max number.csproj", "{582F9F36-A56F-4094-B5A3-995C8A5E253F}"
EndProject
Global
	GlobalSection(SolutionConfigurationPlatforms) = preSolution
		Debug|Any CPU = Debug|Any CPU
		Release|Any CPU = Release|Any CPU
	EndGlobalSection
	GlobalSection(ProjectConfigurationPlatforms) = postSolution
		{582F9F36-A56F-4094-B5A3-995C8A5E253F}.Debug|Any CPU.ActiveCfg = Debug|Any CPU
		{582F9F36-A56F-4094-B5A3-995C8A5E253F}.Debug|Any CPU.Build.0 = Debug|Any CPU
		{582F9F36-A56F-4094-B5A3-995C8A5E253F}.Release|Any CPU.ActiveCfg = Release|Any CPU
		{582F9F36-A56F-4094-B5A3-995C8A5E253F}.Release|Any CPU.Build.0 = Release|Any CPU
	EndGlobalSection
	GlobalSection(SolutionProperties) = preSolution
		HideSolutionNode = FALSE
	EndGlobalSection
	GlobalSection(ExtensibilityGlobals) = postSolution
		SolutionGuid = {4A2E3ECC-9CE3-4C65-8500-27D492B528FA}
	EndGlobalSection
EndGlobal
