
Microsoft Visual Studio Solution File, Format Version 12.00
# Visual Studio Version 17
VisualStudioVersion = 17.3.32804.467
MinimumVisualStudioVersion = 10.0.40219.1
Project("{FAE04EC0-301F-11D3-BF4B-00C04F79EFBC}") = "ps10 reverse the num", "ps10 reverse the num\ps10 reverse the num.csproj", "{34BDE9A6-616F-478F-AF80-594A71E7A0BA}"
EndProject
Global
	GlobalSection(SolutionConfigurationPlatforms) = preSolution
		Debug|Any CPU = Debug|Any CPU
		Release|Any CPU = Release|Any CPU
	EndGlobalSection
	GlobalSection(ProjectConfigurationPlatforms) = postSolution
		{34BDE9A6-616F-478F-AF80-594A71E7A0BA}.Debug|Any CPU.ActiveCfg = Debug|Any CPU
		{34BDE9A6-616F-478F-AF80-594A71E7A0BA}.Debug|Any CPU.Build.0 = Debug|Any CPU
		{34BDE9A6-616F-478F-AF80-594A71E7A0BA}.Release|Any CPU.ActiveCfg = Release|Any CPU
		{34BDE9A6-616F-478F-AF80-594A71E7A0BA}.Release|Any CPU.Build.0 = Release|Any CPU
	EndGlobalSection
	GlobalSection(SolutionProperties) = preSolution
		HideSolutionNode = FALSE
	EndGlobalSection
	GlobalSection(ExtensibilityGlobals) = postSolution
		SolutionGuid = {AA7912B9-F02F-43CC-8F94-4129211D34E1}
	EndGlobalSection
EndGlobal
