
Microsoft Visual Studio Solution File, Format Version 12.00
# Visual Studio Version 17
VisualStudioVersion = 17.3.32804.467
MinimumVisualStudioVersion = 10.0.40219.1
Project("{FAE04EC0-301F-11D3-BF4B-00C04F79EFBC}") = "DelegatePPSS", "DelegatePPSS\DelegatePPSS.csproj", "{8E04CDBD-8242-463F-A7CA-8677BA65D993}"
EndProject
Global
	GlobalSection(SolutionConfigurationPlatforms) = preSolution
		Debug|Any CPU = Debug|Any CPU
		Release|Any CPU = Release|Any CPU
	EndGlobalSection
	GlobalSection(ProjectConfigurationPlatforms) = postSolution
		{8E04CDBD-8242-463F-A7CA-8677BA65D993}.Debug|Any CPU.ActiveCfg = Debug|Any CPU
		{8E04CDBD-8242-463F-A7CA-8677BA65D993}.Debug|Any CPU.Build.0 = Debug|Any CPU
		{8E04CDBD-8242-463F-A7CA-8677BA65D993}.Release|Any CPU.ActiveCfg = Release|Any CPU
		{8E04CDBD-8242-463F-A7CA-8677BA65D993}.Release|Any CPU.Build.0 = Release|Any CPU
	EndGlobalSection
	GlobalSection(SolutionProperties) = preSolution
		HideSolutionNode = FALSE
	EndGlobalSection
	GlobalSection(ExtensibilityGlobals) = postSolution
		SolutionGuid = {DDF9B4E0-EA7B-4543-A9D7-5B9D1C5BD892}
	EndGlobalSection
EndGlobal
