
Microsoft Visual Studio Solution File, Format Version 12.00
# Visual Studio Version 17
VisualStudioVersion = 17.3.32804.467
MinimumVisualStudioVersion = 10.0.40219.1
Project("{FAE04EC0-301F-11D3-BF4B-00C04F79EFBC}") = "DataStructures-1", "DataStructures-1\DataStructures-1.csproj", "{43B10CFB-2B49-44FA-80BE-4520075130B8}"
EndProject
Project("{FAE04EC0-301F-11D3-BF4B-00C04F79EFBC}") = "Datastructures-lib", "Datastructures-lib\Datastructures-lib.csproj", "{A36F2BF8-5D4E-40C8-9C99-ADFA673B48B9}"
EndProject
Global
	GlobalSection(SolutionConfigurationPlatforms) = preSolution
		Debug|Any CPU = Debug|Any CPU
		Release|Any CPU = Release|Any CPU
	EndGlobalSection
	GlobalSection(ProjectConfigurationPlatforms) = postSolution
		{43B10CFB-2B49-44FA-80BE-4520075130B8}.Debug|Any CPU.ActiveCfg = Debug|Any CPU
		{43B10CFB-2B49-44FA-80BE-4520075130B8}.Debug|Any CPU.Build.0 = Debug|Any CPU
		{43B10CFB-2B49-44FA-80BE-4520075130B8}.Release|Any CPU.ActiveCfg = Release|Any CPU
		{43B10CFB-2B49-44FA-80BE-4520075130B8}.Release|Any CPU.Build.0 = Release|Any CPU
		{A36F2BF8-5D4E-40C8-9C99-ADFA673B48B9}.Debug|Any CPU.ActiveCfg = Debug|Any CPU
		{A36F2BF8-5D4E-40C8-9C99-ADFA673B48B9}.Debug|Any CPU.Build.0 = Debug|Any CPU
		{A36F2BF8-5D4E-40C8-9C99-ADFA673B48B9}.Release|Any CPU.ActiveCfg = Release|Any CPU
		{A36F2BF8-5D4E-40C8-9C99-ADFA673B48B9}.Release|Any CPU.Build.0 = Release|Any CPU
	EndGlobalSection
	GlobalSection(SolutionProperties) = preSolution
		HideSolutionNode = FALSE
	EndGlobalSection
	GlobalSection(ExtensibilityGlobals) = postSolution
		SolutionGuid = {1CA81CC7-8D39-41FB-906B-F7C87621780C}
	EndGlobalSection
EndGlobal
