
Microsoft Visual Studio Solution File, Format Version 12.00
# Visual Studio Version 17
VisualStudioVersion = 17.3.32804.467
MinimumVisualStudioVersion = 10.0.40219.1
Project("{FAE04EC0-301F-11D3-BF4B-00C04F79EFBC}") = "ps-5 biggest of two", "ps-5 biggest of two\ps-5 biggest of two.csproj", "{33E3D5F8-11FC-4925-92B5-17DD3F80D009}"
EndProject
Global
	GlobalSection(SolutionConfigurationPlatforms) = preSolution
		Debug|Any CPU = Debug|Any CPU
		Release|Any CPU = Release|Any CPU
	EndGlobalSection
	GlobalSection(ProjectConfigurationPlatforms) = postSolution
		{33E3D5F8-11FC-4925-92B5-17DD3F80D009}.Debug|Any CPU.ActiveCfg = Debug|Any CPU
		{33E3D5F8-11FC-4925-92B5-17DD3F80D009}.Debug|Any CPU.Build.0 = Debug|Any CPU
		{33E3D5F8-11FC-4925-92B5-17DD3F80D009}.Release|Any CPU.ActiveCfg = Release|Any CPU
		{33E3D5F8-11FC-4925-92B5-17DD3F80D009}.Release|Any CPU.Build.0 = Release|Any CPU
	EndGlobalSection
	GlobalSection(SolutionProperties) = preSolution
		HideSolutionNode = FALSE
	EndGlobalSection
	GlobalSection(ExtensibilityGlobals) = postSolution
		SolutionGuid = {AAA9FC4C-AA52-4DE8-BCE4-D33E7444AAB1}
	EndGlobalSection
EndGlobal
