
Microsoft Visual Studio Solution File, Format Version 12.00
# Visual Studio Version 17
VisualStudioVersion = 17.3.32804.467
MinimumVisualStudioVersion = 10.0.40219.1
Project("{FAE04EC0-301F-11D3-BF4B-00C04F79EFBC}") = "Ps-7Structs", "Ps-7Structs\Ps-7Structs.csproj", "{B212219D-D2A3-4242-BA83-46B70A80B970}"
EndProject
Global
	GlobalSection(SolutionConfigurationPlatforms) = preSolution
		Debug|Any CPU = Debug|Any CPU
		Release|Any CPU = Release|Any CPU
	EndGlobalSection
	GlobalSection(ProjectConfigurationPlatforms) = postSolution
		{B212219D-D2A3-4242-BA83-46B70A80B970}.Debug|Any CPU.ActiveCfg = Debug|Any CPU
		{B212219D-D2A3-4242-BA83-46B70A80B970}.Debug|Any CPU.Build.0 = Debug|Any CPU
		{B212219D-D2A3-4242-BA83-46B70A80B970}.Release|Any CPU.ActiveCfg = Release|Any CPU
		{B212219D-D2A3-4242-BA83-46B70A80B970}.Release|Any CPU.Build.0 = Release|Any CPU
	EndGlobalSection
	GlobalSection(SolutionProperties) = preSolution
		HideSolutionNode = FALSE
	EndGlobalSection
	GlobalSection(ExtensibilityGlobals) = postSolution
		SolutionGuid = {37FC2DA7-35E5-4C28-A0AA-52395CFCD790}
	EndGlobalSection
EndGlobal
