
Microsoft Visual Studio Solution File, Format Version 12.00
# Visual Studio Version 17
VisualStudioVersion = 17.3.32804.467
MinimumVisualStudioVersion = 10.0.40219.1
Project("{FAE04EC0-301F-11D3-BF4B-00C04F79EFBC}") = "ps-2 arrays", "ps-2 arrays\ps-2 arrays.csproj", "{9AB94324-7FA8-4738-871D-42C5E31D0E41}"
EndProject
Global
	GlobalSection(SolutionConfigurationPlatforms) = preSolution
		Debug|Any CPU = Debug|Any CPU
		Release|Any CPU = Release|Any CPU
	EndGlobalSection
	GlobalSection(ProjectConfigurationPlatforms) = postSolution
		{9AB94324-7FA8-4738-871D-42C5E31D0E41}.Debug|Any CPU.ActiveCfg = Debug|Any CPU
		{9AB94324-7FA8-4738-871D-42C5E31D0E41}.Debug|Any CPU.Build.0 = Debug|Any CPU
		{9AB94324-7FA8-4738-871D-42C5E31D0E41}.Release|Any CPU.ActiveCfg = Release|Any CPU
		{9AB94324-7FA8-4738-871D-42C5E31D0E41}.Release|Any CPU.Build.0 = Release|Any CPU
	EndGlobalSection
	GlobalSection(SolutionProperties) = preSolution
		HideSolutionNode = FALSE
	EndGlobalSection
	GlobalSection(ExtensibilityGlobals) = postSolution
		SolutionGuid = {6D15DD79-BC33-4000-BE97-44B657A09048}
	EndGlobalSection
EndGlobal
