
Microsoft Visual Studio Solution File, Format Version 12.00
# Visual Studio Version 17
VisualStudioVersion = 17.3.32804.467
MinimumVisualStudioVersion = 10.0.40219.1
Project("{FAE04EC0-301F-11D3-BF4B-00C04F79EFBC}") = "MultiThreadingPS-3", "MultiThreadingPS-3\MultiThreadingPS-3.csproj", "{1C17619D-869A-424A-B3E9-53C4BE54FFA9}"
EndProject
Global
	GlobalSection(SolutionConfigurationPlatforms) = preSolution
		Debug|Any CPU = Debug|Any CPU
		Release|Any CPU = Release|Any CPU
	EndGlobalSection
	GlobalSection(ProjectConfigurationPlatforms) = postSolution
		{1C17619D-869A-424A-B3E9-53C4BE54FFA9}.Debug|Any CPU.ActiveCfg = Debug|Any CPU
		{1C17619D-869A-424A-B3E9-53C4BE54FFA9}.Debug|Any CPU.Build.0 = Debug|Any CPU
		{1C17619D-869A-424A-B3E9-53C4BE54FFA9}.Release|Any CPU.ActiveCfg = Release|Any CPU
		{1C17619D-869A-424A-B3E9-53C4BE54FFA9}.Release|Any CPU.Build.0 = Release|Any CPU
	EndGlobalSection
	GlobalSection(SolutionProperties) = preSolution
		HideSolutionNode = FALSE
	EndGlobalSection
	GlobalSection(ExtensibilityGlobals) = postSolution
		SolutionGuid = {BF6FB0DC-01D0-4F90-86B3-5A80F6E712C2}
	EndGlobalSection
EndGlobal
