
Microsoft Visual Studio Solution File, Format Version 12.00
# Visual Studio Version 17
VisualStudioVersion = 17.3.32804.467
MinimumVisualStudioVersion = 10.0.40219.1
Project("{FAE04EC0-301F-11D3-BF4B-00C04F79EFBC}") = "ps-1 Strcmp", "ps-1 Strcmp\ps-1 Strcmp.csproj", "{8735396E-A9E4-490D-A410-85D0A28A0396}"
EndProject
Global
	GlobalSection(SolutionConfigurationPlatforms) = preSolution
		Debug|Any CPU = Debug|Any CPU
		Release|Any CPU = Release|Any CPU
	EndGlobalSection
	GlobalSection(ProjectConfigurationPlatforms) = postSolution
		{8735396E-A9E4-490D-A410-85D0A28A0396}.Debug|Any CPU.ActiveCfg = Debug|Any CPU
		{8735396E-A9E4-490D-A410-85D0A28A0396}.Debug|Any CPU.Build.0 = Debug|Any CPU
		{8735396E-A9E4-490D-A410-85D0A28A0396}.Release|Any CPU.ActiveCfg = Release|Any CPU
		{8735396E-A9E4-490D-A410-85D0A28A0396}.Release|Any CPU.Build.0 = Release|Any CPU
	EndGlobalSection
	GlobalSection(SolutionProperties) = preSolution
		HideSolutionNode = FALSE
	EndGlobalSection
	GlobalSection(ExtensibilityGlobals) = postSolution
		SolutionGuid = {81FFD8DE-91E9-4F55-885A-8A6E511F3BC3}
	EndGlobalSection
EndGlobal
