
Microsoft Visual Studio Solution File, Format Version 12.00
# Visual Studio Version 17
VisualStudioVersion = 17.3.32804.467
MinimumVisualStudioVersion = 10.0.40219.1
Project("{FAE04EC0-301F-11D3-BF4B-00C04F79EFBC}") = "DS-day2-ps1", "DS-day2-ps1\DS-day2-ps1.csproj", "{479204DA-8F8D-4E27-A679-2B3B1E3B8B82}"
EndProject
Global
	GlobalSection(SolutionConfigurationPlatforms) = preSolution
		Debug|Any CPU = Debug|Any CPU
		Release|Any CPU = Release|Any CPU
	EndGlobalSection
	GlobalSection(ProjectConfigurationPlatforms) = postSolution
		{479204DA-8F8D-4E27-A679-2B3B1E3B8B82}.Debug|Any CPU.ActiveCfg = Debug|Any CPU
		{479204DA-8F8D-4E27-A679-2B3B1E3B8B82}.Debug|Any CPU.Build.0 = Debug|Any CPU
		{479204DA-8F8D-4E27-A679-2B3B1E3B8B82}.Release|Any CPU.ActiveCfg = Release|Any CPU
		{479204DA-8F8D-4E27-A679-2B3B1E3B8B82}.Release|Any CPU.Build.0 = Release|Any CPU
	EndGlobalSection
	GlobalSection(SolutionProperties) = preSolution
		HideSolutionNode = FALSE
	EndGlobalSection
	GlobalSection(ExtensibilityGlobals) = postSolution
		SolutionGuid = {6BF6538C-BC0E-48D9-89EF-40CAB34B5809}
	EndGlobalSection
EndGlobal
