
Microsoft Visual Studio Solution File, Format Version 12.00
# Visual Studio Version 17
VisualStudioVersion = 17.3.32804.467
MinimumVisualStudioVersion = 10.0.40219.1
Project("{FAE04EC0-301F-11D3-BF4B-00C04F79EFBC}") = "Delegates", "Delegates\Delegates.csproj", "{27C993F8-E914-489A-930E-D0CD151663F4}"
EndProject
Global
	GlobalSection(SolutionConfigurationPlatforms) = preSolution
		Debug|Any CPU = Debug|Any CPU
		Release|Any CPU = Release|Any CPU
	EndGlobalSection
	GlobalSection(ProjectConfigurationPlatforms) = postSolution
		{27C993F8-E914-489A-930E-D0CD151663F4}.Debug|Any CPU.ActiveCfg = Debug|Any CPU
		{27C993F8-E914-489A-930E-D0CD151663F4}.Debug|Any CPU.Build.0 = Debug|Any CPU
		{27C993F8-E914-489A-930E-D0CD151663F4}.Release|Any CPU.ActiveCfg = Release|Any CPU
		{27C993F8-E914-489A-930E-D0CD151663F4}.Release|Any CPU.Build.0 = Release|Any CPU
	EndGlobalSection
	GlobalSection(SolutionProperties) = preSolution
		HideSolutionNode = FALSE
	EndGlobalSection
	GlobalSection(ExtensibilityGlobals) = postSolution
		SolutionGuid = {47EBC0B4-9713-489C-9656-4F2599F4C871}
	EndGlobalSection
EndGlobal
