
Microsoft Visual Studio Solution File, Format Version 12.00
# Visual Studio Version 17
VisualStudioVersion = 17.3.32804.467
MinimumVisualStudioVersion = 10.0.40219.1
Project("{FAE04EC0-301F-11D3-BF4B-00C04F79EFBC}") = "MultiThreadingPS-1", "MultiThreadingPS-1\MultiThreadingPS-1.csproj", "{A161F843-B274-4F27-8DE9-AF326714D61C}"
EndProject
Global
	GlobalSection(SolutionConfigurationPlatforms) = preSolution
		Debug|Any CPU = Debug|Any CPU
		Release|Any CPU = Release|Any CPU
	EndGlobalSection
	GlobalSection(ProjectConfigurationPlatforms) = postSolution
		{A161F843-B274-4F27-8DE9-AF326714D61C}.Debug|Any CPU.ActiveCfg = Debug|Any CPU
		{A161F843-B274-4F27-8DE9-AF326714D61C}.Debug|Any CPU.Build.0 = Debug|Any CPU
		{A161F843-B274-4F27-8DE9-AF326714D61C}.Release|Any CPU.ActiveCfg = Release|Any CPU
		{A161F843-B274-4F27-8DE9-AF326714D61C}.Release|Any CPU.Build.0 = Release|Any CPU
	EndGlobalSection
	GlobalSection(SolutionProperties) = preSolution
		HideSolutionNode = FALSE
	EndGlobalSection
	GlobalSection(ExtensibilityGlobals) = postSolution
		SolutionGuid = {08673436-5CFC-45C7-9FA0-7CFC07391F2B}
	EndGlobalSection
EndGlobal
