
Microsoft Visual Studio Solution File, Format Version 12.00
# Visual Studio Version 17
VisualStudioVersion = 17.3.32804.467
MinimumVisualStudioVersion = 10.0.40219.1
Project("{FAE04EC0-301F-11D3-BF4B-00C04F79EFBC}") = "PS-3 arrays", "PS-3 arrays\PS-3 arrays.csproj", "{096279A9-F2A1-4367-9BA9-D9FE0F7F4627}"
EndProject
Global
	GlobalSection(SolutionConfigurationPlatforms) = preSolution
		Debug|Any CPU = Debug|Any CPU
		Release|Any CPU = Release|Any CPU
	EndGlobalSection
	GlobalSection(ProjectConfigurationPlatforms) = postSolution
		{096279A9-F2A1-4367-9BA9-D9FE0F7F4627}.Debug|Any CPU.ActiveCfg = Debug|Any CPU
		{096279A9-F2A1-4367-9BA9-D9FE0F7F4627}.Debug|Any CPU.Build.0 = Debug|Any CPU
		{096279A9-F2A1-4367-9BA9-D9FE0F7F4627}.Release|Any CPU.ActiveCfg = Release|Any CPU
		{096279A9-F2A1-4367-9BA9-D9FE0F7F4627}.Release|Any CPU.Build.0 = Release|Any CPU
	EndGlobalSection
	GlobalSection(SolutionProperties) = preSolution
		HideSolutionNode = FALSE
	EndGlobalSection
	GlobalSection(ExtensibilityGlobals) = postSolution
		SolutionGuid = {75A19992-D9DC-47A3-BA87-1F82A669E86B}
	EndGlobalSection
EndGlobal
