
Microsoft Visual Studio Solution File, Format Version 12.00
# Visual Studio Version 17
VisualStudioVersion = 17.3.32804.467
MinimumVisualStudioVersion = 10.0.40219.1
Project("{FAE04EC0-301F-11D3-BF4B-00C04F79EFBC}") = "Ps-4Stringsplit", "Ps-4Stringsplit\Ps-4Stringsplit.csproj", "{553414E0-A9A0-4354-B461-32ECF6D0C3B1}"
EndProject
Global
	GlobalSection(SolutionConfigurationPlatforms) = preSolution
		Debug|Any CPU = Debug|Any CPU
		Release|Any CPU = Release|Any CPU
	EndGlobalSection
	GlobalSection(ProjectConfigurationPlatforms) = postSolution
		{553414E0-A9A0-4354-B461-32ECF6D0C3B1}.Debug|Any CPU.ActiveCfg = Debug|Any CPU
		{553414E0-A9A0-4354-B461-32ECF6D0C3B1}.Debug|Any CPU.Build.0 = Debug|Any CPU
		{553414E0-A9A0-4354-B461-32ECF6D0C3B1}.Release|Any CPU.ActiveCfg = Release|Any CPU
		{553414E0-A9A0-4354-B461-32ECF6D0C3B1}.Release|Any CPU.Build.0 = Release|Any CPU
	EndGlobalSection
	GlobalSection(SolutionProperties) = preSolution
		HideSolutionNode = FALSE
	EndGlobalSection
	GlobalSection(ExtensibilityGlobals) = postSolution
		SolutionGuid = {1CE8F275-43F1-46E6-9177-101B4BCBDF93}
	EndGlobalSection
EndGlobal
