
Microsoft Visual Studio Solution File, Format Version 12.00
# Visual Studio Version 17
VisualStudioVersion = 17.3.32804.467
MinimumVisualStudioVersion = 10.0.40219.1
Project("{FAE04EC0-301F-11D3-BF4B-00C04F79EFBC}") = "Myapp", "Myapp\Myapp.csproj", "{B7ACF1F9-076C-41B4-B2F8-3260B57857ED}"
	ProjectSection(ProjectDependencies) = postProject
		{97AFE488-351E-43F2-9AF7-E46FB7A657FD} = {97AFE488-351E-43F2-9AF7-E46FB7A657FD}
	EndProjectSection
EndProject
Project("{FAE04EC0-301F-11D3-BF4B-00C04F79EFBC}") = "Reusablecode", "Reusablecode\Reusablecode.csproj", "{97AFE488-351E-43F2-9AF7-E46FB7A657FD}"
EndProject
Global
	GlobalSection(SolutionConfigurationPlatforms) = preSolution
		Debug|Any CPU = Debug|Any CPU
		Release|Any CPU = Release|Any CPU
	EndGlobalSection
	GlobalSection(ProjectConfigurationPlatforms) = postSolution
		{B7ACF1F9-076C-41B4-B2F8-3260B57857ED}.Debug|Any CPU.ActiveCfg = Debug|Any CPU
		{B7ACF1F9-076C-41B4-B2F8-3260B57857ED}.Debug|Any CPU.Build.0 = Debug|Any CPU
		{B7ACF1F9-076C-41B4-B2F8-3260B57857ED}.Release|Any CPU.ActiveCfg = Release|Any CPU
		{B7ACF1F9-076C-41B4-B2F8-3260B57857ED}.Release|Any CPU.Build.0 = Release|Any CPU
		{97AFE488-351E-43F2-9AF7-E46FB7A657FD}.Debug|Any CPU.ActiveCfg = Debug|Any CPU
		{97AFE488-351E-43F2-9AF7-E46FB7A657FD}.Debug|Any CPU.Build.0 = Debug|Any CPU
		{97AFE488-351E-43F2-9AF7-E46FB7A657FD}.Release|Any CPU.ActiveCfg = Release|Any CPU
		{97AFE488-351E-43F2-9AF7-E46FB7A657FD}.Release|Any CPU.Build.0 = Release|Any CPU
	EndGlobalSection
	GlobalSection(SolutionProperties) = preSolution
		HideSolutionNode = FALSE
	EndGlobalSection
	GlobalSection(ExtensibilityGlobals) = postSolution
		SolutionGuid = {0B286686-40AC-4403-8B97-1A82DCCAA0D1}
	EndGlobalSection
EndGlobal
